
Microsoft Visual Studio Solution File, Format Version 12.00
# Visual Studio 15
Project("{FAE04EC0-301F-11D3-BF4B-00C04F79EFBC}") = "Assembly-CSharp-firstpass", "Assembly-CSharp-firstpass.csproj", "{07C0848A-E307-DB64-7286-4FFA26076556}"
EndProject
Project("{FAE04EC0-301F-11D3-BF4B-00C04F79EFBC}") = "Assembly-CSharp", "Assembly-CSharp.csproj", "{14580227-3055-8BB5-AEBD-6F34A8E6F571}"
EndProject
Project("{FAE04EC0-301F-11D3-BF4B-00C04F79EFBC}") = "Assembly-CSharp-Editor-firstpass", "Assembly-CSharp-Editor-firstpass.csproj", "{62977D12-B57A-5686-237D-9F1AFE869881}"
EndProject
Global
	GlobalSection(SolutionConfigurationPlatforms) = preSolution
		Debug|Any CPU = Debug|Any CPU
		Release|Any CPU = Release|Any CPU
	EndGlobalSection
	GlobalSection(ProjectConfigurationPlatforms) = postSolution
		{07C0848A-E307-DB64-7286-4FFA26076556}.Debug|Any CPU.ActiveCfg = Debug|Any CPU
		{07C0848A-E307-DB64-7286-4FFA26076556}.Debug|Any CPU.Build.0 = Debug|Any CPU
		{07C0848A-E307-DB64-7286-4FFA26076556}.Release|Any CPU.ActiveCfg = Release|Any CPU
		{07C0848A-E307-DB64-7286-4FFA26076556}.Release|Any CPU.Build.0 = Release|Any CPU
		{14580227-3055-8BB5-AEBD-6F34A8E6F571}.Debug|Any CPU.ActiveCfg = Debug|Any CPU
		{14580227-3055-8BB5-AEBD-6F34A8E6F571}.Debug|Any CPU.Build.0 = Debug|Any CPU
		{14580227-3055-8BB5-AEBD-6F34A8E6F571}.Release|Any CPU.ActiveCfg = Release|Any CPU
		{14580227-3055-8BB5-AEBD-6F34A8E6F571}.Release|Any CPU.Build.0 = Release|Any CPU
		{62977D12-B57A-5686-237D-9F1AFE869881}.Debug|Any CPU.ActiveCfg = Debug|Any CPU
		{62977D12-B57A-5686-237D-9F1AFE869881}.Debug|Any CPU.Build.0 = Debug|Any CPU
		{62977D12-B57A-5686-237D-9F1AFE869881}.Release|Any CPU.ActiveCfg = Release|Any CPU
		{62977D12-B57A-5686-237D-9F1AFE869881}.Release|Any CPU.Build.0 = Release|Any CPU
	EndGlobalSection
	GlobalSection(SolutionProperties) = preSolution
		HideSolutionNode = FALSE
	EndGlobalSection
EndGlobal
